
Microsoft Visual Studio Solution File, Format Version 12.00
# Visual Studio Version 16
VisualStudioVersion = 16.0.29911.84
MinimumVisualStudioVersion = 10.0.40219.1
Project("{FAE04EC0-301F-11D3-BF4B-00C04F79EFBC}") = "getthehotdish", "getthehotdish.csproj", "{57842A75-C4F8-4BF0-BDAF-818F32AC0D62}"
EndProject
Global
	GlobalSection(SolutionConfigurationPlatforms) = preSolution
		Debug|Any CPU = Debug|Any CPU
		Release|Any CPU = Release|Any CPU
	EndGlobalSection
	GlobalSection(ProjectConfigurationPlatforms) = postSolution
		{57842A75-C4F8-4BF0-BDAF-818F32AC0D62}.Debug|Any CPU.ActiveCfg = Debug|Any CPU
		{57842A75-C4F8-4BF0-BDAF-818F32AC0D62}.Debug|Any CPU.Build.0 = Debug|Any CPU
		{57842A75-C4F8-4BF0-BDAF-818F32AC0D62}.Release|Any CPU.ActiveCfg = Release|Any CPU
		{57842A75-C4F8-4BF0-BDAF-818F32AC0D62}.Release|Any CPU.Build.0 = Release|Any CPU
	EndGlobalSection
	GlobalSection(SolutionProperties) = preSolution
		HideSolutionNode = FALSE
	EndGlobalSection
	GlobalSection(ExtensibilityGlobals) = postSolution
		SolutionGuid = {88639A05-963D-426F-A4D2-57068A82BD14}
	EndGlobalSection
EndGlobal
